
Microsoft Visual Studio Solution File, Format Version 12.00
# Visual Studio Version 16
VisualStudioVersion = 16.0.30804.86
MinimumVisualStudioVersion = 10.0.40219.1
Project("{9A19103F-16F7-4668-BE54-9A1E7A4F7556}") = "RosbridgeTest", "RosbridgeTest\RosbridgeTest.csproj", "{BA2D4280-000E-4017-87BC-0EEEF0AAF2F7}"
EndProject
Project("{FAE04EC0-301F-11D3-BF4B-00C04F79EFBC}") = "rosbridge_client_common", "..\rosbridge_client_dot_net\rosbridge_client_common\rosbridge_client_common.csproj", "{7167262B-09B1-435B-AC01-6A3F94449C72}"
EndProject
Project("{FAE04EC0-301F-11D3-BF4B-00C04F79EFBC}") = "rosbridge_client_desktop", "..\rosbridge_client_dot_net\rosbridge_client_socket_for_desktop\rosbridge_client_desktop.csproj", "{7B7BA4BB-4789-400B-9373-20321A8FB966}"
EndProject
Global
	GlobalSection(SolutionConfigurationPlatforms) = preSolution
		Debug|Any CPU = Debug|Any CPU
		Release|Any CPU = Release|Any CPU
	EndGlobalSection
	GlobalSection(ProjectConfigurationPlatforms) = postSolution
		{BA2D4280-000E-4017-87BC-0EEEF0AAF2F7}.Debug|Any CPU.ActiveCfg = Debug|Any CPU
		{BA2D4280-000E-4017-87BC-0EEEF0AAF2F7}.Debug|Any CPU.Build.0 = Debug|Any CPU
		{BA2D4280-000E-4017-87BC-0EEEF0AAF2F7}.Release|Any CPU.ActiveCfg = Release|Any CPU
		{BA2D4280-000E-4017-87BC-0EEEF0AAF2F7}.Release|Any CPU.Build.0 = Release|Any CPU
		{7167262B-09B1-435B-AC01-6A3F94449C72}.Debug|Any CPU.ActiveCfg = Debug|Any CPU
		{7167262B-09B1-435B-AC01-6A3F94449C72}.Debug|Any CPU.Build.0 = Debug|Any CPU
		{7167262B-09B1-435B-AC01-6A3F94449C72}.Release|Any CPU.ActiveCfg = Release|Any CPU
		{7167262B-09B1-435B-AC01-6A3F94449C72}.Release|Any CPU.Build.0 = Release|Any CPU
		{7B7BA4BB-4789-400B-9373-20321A8FB966}.Debug|Any CPU.ActiveCfg = Debug|Any CPU
		{7B7BA4BB-4789-400B-9373-20321A8FB966}.Debug|Any CPU.Build.0 = Debug|Any CPU
		{7B7BA4BB-4789-400B-9373-20321A8FB966}.Release|Any CPU.ActiveCfg = Release|Any CPU
		{7B7BA4BB-4789-400B-9373-20321A8FB966}.Release|Any CPU.Build.0 = Release|Any CPU
	EndGlobalSection
	GlobalSection(SolutionProperties) = preSolution
		HideSolutionNode = FALSE
	EndGlobalSection
	GlobalSection(ExtensibilityGlobals) = postSolution
		SolutionGuid = {176246F6-24E9-4F31-B130-BECEBA460B53}
	EndGlobalSection
EndGlobal
